{
  "version": 4,
  "terraform_version": "1.7.3",
  "serial": 18,
  "lineage": "10b16959-8341-505b-3d87-c88906cb31ca",
  "outputs": {},
  "resources": [
    {
      "module": "module.instances_openstack",
      "mode": "managed",
      "type": "openstack_compute_instance_v2",
      "name": "instance",
      "provider": "provider[\"registry.terraform.io/terraform-provider-openstack/openstack\"]",
      "instances": [
        {
          "index_key": 0,
          "schema_version": 0,
          "attributes": {
            "access_ip_v4": "57.128.87.13",
            "access_ip_v6": "[2001:41d0:304:300::4aee]",
            "admin_pass": null,
            "all_metadata": {},
            "all_tags": [],
            "availability_zone": "nova",
            "availability_zone_hints": null,
            "block_device": [],
            "config_drive": null,
            "created": "2024-02-19 15:31:13 +0000 UTC",
            "flavor_id": "e92cc5e2-e80f-46ce-ad5d-dc175135b468",
            "flavor_name": "d2-4",
            "floating_ip": null,
            "force_delete": false,
            "id": "47edaeae-459b-4ef6-8242-86d821daa1e8",
            "image_id": "d32d0872-3364-4042-8e0c-c003595d46cd",
            "image_name": "Rocky Linux 8",
            "key_pair": "webkey",
            "metadata": null,
            "name": "vm_01",
            "network": [
              {
                "access_network": false,
                "fixed_ip_v4": "57.128.87.13",
                "fixed_ip_v6": "[2001:41d0:304:300::4aee]",
                "floating_ip": "",
                "mac": "fa:16:3e:b6:0d:15",
                "name": "Ext-Net",
                "port": "",
                "uuid": "bcf59eb2-9d83-41cc-b4f5-0435ed594833"
              }
            ],
            "network_mode": null,
            "personality": [],
            "power_state": "active",
            "region": "GRA11",
            "scheduler_hints": [],
            "security_groups": [
              "default"
            ],
            "stop_before_destroy": false,
            "tags": [],
            "timeouts": null,
            "updated": "2024-02-19 15:32:47 +0000 UTC",
            "user_data": null,
            "vendor_options": [],
            "volume": []
          },
          "sensitive_attributes": [],
          "private": "eyJlMmJmYjczMC1lY2FhLTExZTYtOGY4OC0zNDM2M2JjN2M0YzAiOnsiY3JlYXRlIjoxODAwMDAwMDAwMDAwLCJkZWxldGUiOjE4MDAwMDAwMDAwMDAsInVwZGF0ZSI6MTgwMDAwMDAwMDAwMH19"
        },
        {
          "index_key": 1,
          "schema_version": 0,
          "attributes": {
            "access_ip_v4": "57.128.81.138",
            "access_ip_v6": "[2001:41d0:304:300::99c]",
            "admin_pass": null,
            "all_metadata": {},
            "all_tags": [],
            "availability_zone": "nova",
            "availability_zone_hints": null,
            "block_device": [],
            "config_drive": null,
            "created": "2024-02-19 15:31:13 +0000 UTC",
            "flavor_id": "e92cc5e2-e80f-46ce-ad5d-dc175135b468",
            "flavor_name": "d2-4",
            "floating_ip": null,
            "force_delete": false,
            "id": "685d4224-22b8-4d2b-9b14-e8e69482528d",
            "image_id": "d32d0872-3364-4042-8e0c-c003595d46cd",
            "image_name": "Rocky Linux 8",
            "key_pair": "webkey",
            "metadata": null,
            "name": "vm_02",
            "network": [
              {
                "access_network": false,
                "fixed_ip_v4": "57.128.81.138",
                "fixed_ip_v6": "[2001:41d0:304:300::99c]",
                "floating_ip": "",
                "mac": "fa:16:3e:80:bc:dc",
                "name": "Ext-Net",
                "port": "",
                "uuid": "bcf59eb2-9d83-41cc-b4f5-0435ed594833"
              }
            ],
            "network_mode": null,
            "personality": [],
            "power_state": "active",
            "region": "GRA11",
            "scheduler_hints": [],
            "security_groups": [
              "default"
            ],
            "stop_before_destroy": false,
            "tags": [],
            "timeouts": null,
            "updated": "2024-02-19 15:52:19 +0000 UTC",
            "user_data": null,
            "vendor_options": [],
            "volume": []
          },
          "sensitive_attributes": [],
          "private": "eyJlMmJmYjczMC1lY2FhLTExZTYtOGY4OC0zNDM2M2JjN2M0YzAiOnsiY3JlYXRlIjoxODAwMDAwMDAwMDAwLCJkZWxldGUiOjE4MDAwMDAwMDAwMDAsInVwZGF0ZSI6MTgwMDAwMDAwMDAwMH19"
        }
      ]
    }
  ],
  "check_results": null
}
